
Microsoft Visual Studio Solution File, Format Version 12.00
# Visual Studio 14
VisualStudioVersion = 14.0.23107.0
MinimumVisualStudioVersion = 10.0.40219.1
Project("{FAE04EC0-301F-11D3-BF4B-00C04F79EFBC}") = "WalnutBrain.LogThis", "WalnutBrain.LogThis\WalnutBrain.LogThis.csproj", "{98326EB4-1585-41A5-82F9-3578E12713EC}"
EndProject
Global
	GlobalSection(SolutionConfigurationPlatforms) = preSolution
		Debug|Any CPU = Debug|Any CPU
		Release|Any CPU = Release|Any CPU
	EndGlobalSection
	GlobalSection(ProjectConfigurationPlatforms) = postSolution
		{98326EB4-1585-41A5-82F9-3578E12713EC}.Debug|Any CPU.ActiveCfg = Debug|Any CPU
		{98326EB4-1585-41A5-82F9-3578E12713EC}.Debug|Any CPU.Build.0 = Debug|Any CPU
		{98326EB4-1585-41A5-82F9-3578E12713EC}.Release|Any CPU.ActiveCfg = Release|Any CPU
		{98326EB4-1585-41A5-82F9-3578E12713EC}.Release|Any CPU.Build.0 = Release|Any CPU
	EndGlobalSection
	GlobalSection(SolutionProperties) = preSolution
		HideSolutionNode = FALSE
	EndGlobalSection
EndGlobal
